
Microsoft Visual Studio Solution File, Format Version 12.00
# Visual Studio Version 17
VisualStudioVersion = 17.7.34221.43
MinimumVisualStudioVersion = 10.0.40219.1
Project("{8BC9CEB8-8B4A-11D0-8D11-00A0C91BC942}") = "GameRunner", "GameRunner\GameRunner.vcxproj", "{4D8D4604-0447-4424-B102-8D8D83D40FF6}"
	ProjectSection(ProjectDependencies) = postProject
		{6718AF68-C302-47C1-845B-BBA1CCC0DFF9} = {6718AF68-C302-47C1-845B-BBA1CCC0DFF9}
		{C177CBA2-389F-4D1F-ABBF-683C4DB74B2E} = {C177CBA2-389F-4D1F-ABBF-683C4DB74B2E}
	EndProjectSection
EndProject
Project("{8BC9CEB8-8B4A-11D0-8D11-00A0C91BC942}") = "GameEngine2D", "GameEngine2D\GameEngine2D.vcxproj", "{C177CBA2-389F-4D1F-ABBF-683C4DB74B2E}"
	ProjectSection(ProjectDependencies) = postProject
		{6718AF68-C302-47C1-845B-BBA1CCC0DFF9} = {6718AF68-C302-47C1-845B-BBA1CCC0DFF9}
	EndProjectSection
EndProject
Project("{8BC9CEB8-8B4A-11D0-8D11-00A0C91BC942}") = "GameEngineCore", "GameEngineCore\GameEngineCore.vcxproj", "{6718AF68-C302-47C1-845B-BBA1CCC0DFF9}"
EndProject
Project("{8BC9CEB8-8B4A-11D0-8D11-00A0C91BC942}") = "UnitTest", "UnitTest\UnitTest.vcxproj", "{0FBBBEAF-0068-4288-A938-B17139757535}"
	ProjectSection(ProjectDependencies) = postProject
		{6718AF68-C302-47C1-845B-BBA1CCC0DFF9} = {6718AF68-C302-47C1-845B-BBA1CCC0DFF9}
		{C177CBA2-389F-4D1F-ABBF-683C4DB74B2E} = {C177CBA2-389F-4D1F-ABBF-683C4DB74B2E}
	EndProjectSection
EndProject
Project("{FAE04EC0-301F-11D3-BF4B-00C04F79EFBC}") = "LevelEditor", "LevelEditor\LevelEditor.csproj", "{10D2825C-4B98-4F27-B4A3-08ECF426F98C}"
	ProjectSection(ProjectDependencies) = postProject
		{6718AF68-C302-47C1-845B-BBA1CCC0DFF9} = {6718AF68-C302-47C1-845B-BBA1CCC0DFF9}
	EndProjectSection
EndProject
Global
	GlobalSection(SolutionConfigurationPlatforms) = preSolution
		Debug|Any CPU = Debug|Any CPU
		Debug|ARM64 = Debug|ARM64
		Debug|Win32 = Debug|Win32
		Debug|x64 = Debug|x64
		Debug|x86 = Debug|x86
		Release|Any CPU = Release|Any CPU
		Release|ARM64 = Release|ARM64
		Release|Win32 = Release|Win32
		Release|x64 = Release|x64
		Release|x86 = Release|x86
	EndGlobalSection
	GlobalSection(ProjectConfigurationPlatforms) = postSolution
		{4D8D4604-0447-4424-B102-8D8D83D40FF6}.Debug|Any CPU.ActiveCfg = Debug|x64
		{4D8D4604-0447-4424-B102-8D8D83D40FF6}.Debug|Any CPU.Build.0 = Debug|x64
		{4D8D4604-0447-4424-B102-8D8D83D40FF6}.Debug|ARM64.ActiveCfg = Debug|x64
		{4D8D4604-0447-4424-B102-8D8D83D40FF6}.Debug|ARM64.Build.0 = Debug|x64
		{4D8D4604-0447-4424-B102-8D8D83D40FF6}.Debug|Win32.ActiveCfg = Debug|x64
		{4D8D4604-0447-4424-B102-8D8D83D40FF6}.Debug|Win32.Build.0 = Debug|x64
		{4D8D4604-0447-4424-B102-8D8D83D40FF6}.Debug|x64.ActiveCfg = Debug|x64
		{4D8D4604-0447-4424-B102-8D8D83D40FF6}.Debug|x64.Build.0 = Debug|x64
		{4D8D4604-0447-4424-B102-8D8D83D40FF6}.Debug|x86.ActiveCfg = Debug|Win32
		{4D8D4604-0447-4424-B102-8D8D83D40FF6}.Debug|x86.Build.0 = Debug|Win32
		{4D8D4604-0447-4424-B102-8D8D83D40FF6}.Release|Any CPU.ActiveCfg = Release|x64
		{4D8D4604-0447-4424-B102-8D8D83D40FF6}.Release|Any CPU.Build.0 = Release|x64
		{4D8D4604-0447-4424-B102-8D8D83D40FF6}.Release|ARM64.ActiveCfg = Release|x64
		{4D8D4604-0447-4424-B102-8D8D83D40FF6}.Release|ARM64.Build.0 = Release|x64
		{4D8D4604-0447-4424-B102-8D8D83D40FF6}.Release|Win32.ActiveCfg = Release|Win32
		{4D8D4604-0447-4424-B102-8D8D83D40FF6}.Release|Win32.Build.0 = Release|Win32
		{4D8D4604-0447-4424-B102-8D8D83D40FF6}.Release|x64.ActiveCfg = Release|x64
		{4D8D4604-0447-4424-B102-8D8D83D40FF6}.Release|x64.Build.0 = Release|x64
		{4D8D4604-0447-4424-B102-8D8D83D40FF6}.Release|x86.ActiveCfg = Release|Win32
		{4D8D4604-0447-4424-B102-8D8D83D40FF6}.Release|x86.Build.0 = Release|Win32
		{C177CBA2-389F-4D1F-ABBF-683C4DB74B2E}.Debug|Any CPU.ActiveCfg = Debug|x64
		{C177CBA2-389F-4D1F-ABBF-683C4DB74B2E}.Debug|Any CPU.Build.0 = Debug|x64
		{C177CBA2-389F-4D1F-ABBF-683C4DB74B2E}.Debug|ARM64.ActiveCfg = Debug|x64
		{C177CBA2-389F-4D1F-ABBF-683C4DB74B2E}.Debug|ARM64.Build.0 = Debug|x64
		{C177CBA2-389F-4D1F-ABBF-683C4DB74B2E}.Debug|Win32.ActiveCfg = Debug|Win32
		{C177CBA2-389F-4D1F-ABBF-683C4DB74B2E}.Debug|Win32.Build.0 = Debug|Win32
		{C177CBA2-389F-4D1F-ABBF-683C4DB74B2E}.Debug|x64.ActiveCfg = Debug|x64
		{C177CBA2-389F-4D1F-ABBF-683C4DB74B2E}.Debug|x64.Build.0 = Debug|x64
		{C177CBA2-389F-4D1F-ABBF-683C4DB74B2E}.Debug|x86.ActiveCfg = Debug|Win32
		{C177CBA2-389F-4D1F-ABBF-683C4DB74B2E}.Debug|x86.Build.0 = Debug|Win32
		{C177CBA2-389F-4D1F-ABBF-683C4DB74B2E}.Release|Any CPU.ActiveCfg = Release|x64
		{C177CBA2-389F-4D1F-ABBF-683C4DB74B2E}.Release|Any CPU.Build.0 = Release|x64
		{C177CBA2-389F-4D1F-ABBF-683C4DB74B2E}.Release|ARM64.ActiveCfg = Release|x64
		{C177CBA2-389F-4D1F-ABBF-683C4DB74B2E}.Release|ARM64.Build.0 = Release|x64
		{C177CBA2-389F-4D1F-ABBF-683C4DB74B2E}.Release|Win32.ActiveCfg = Release|Win32
		{C177CBA2-389F-4D1F-ABBF-683C4DB74B2E}.Release|Win32.Build.0 = Release|Win32
		{C177CBA2-389F-4D1F-ABBF-683C4DB74B2E}.Release|x64.ActiveCfg = Release|x64
		{C177CBA2-389F-4D1F-ABBF-683C4DB74B2E}.Release|x64.Build.0 = Release|x64
		{C177CBA2-389F-4D1F-ABBF-683C4DB74B2E}.Release|x86.ActiveCfg = Release|Win32
		{C177CBA2-389F-4D1F-ABBF-683C4DB74B2E}.Release|x86.Build.0 = Release|Win32
		{6718AF68-C302-47C1-845B-BBA1CCC0DFF9}.Debug|Any CPU.ActiveCfg = Debug|x64
		{6718AF68-C302-47C1-845B-BBA1CCC0DFF9}.Debug|Any CPU.Build.0 = Debug|x64
		{6718AF68-C302-47C1-845B-BBA1CCC0DFF9}.Debug|ARM64.ActiveCfg = Debug|x64
		{6718AF68-C302-47C1-845B-BBA1CCC0DFF9}.Debug|ARM64.Build.0 = Debug|x64
		{6718AF68-C302-47C1-845B-BBA1CCC0DFF9}.Debug|Win32.ActiveCfg = Debug|Win32
		{6718AF68-C302-47C1-845B-BBA1CCC0DFF9}.Debug|Win32.Build.0 = Debug|Win32
		{6718AF68-C302-47C1-845B-BBA1CCC0DFF9}.Debug|x64.ActiveCfg = Debug|x64
		{6718AF68-C302-47C1-845B-BBA1CCC0DFF9}.Debug|x64.Build.0 = Debug|x64
		{6718AF68-C302-47C1-845B-BBA1CCC0DFF9}.Debug|x86.ActiveCfg = Debug|Win32
		{6718AF68-C302-47C1-845B-BBA1CCC0DFF9}.Debug|x86.Build.0 = Debug|Win32
		{6718AF68-C302-47C1-845B-BBA1CCC0DFF9}.Release|Any CPU.ActiveCfg = Release|x64
		{6718AF68-C302-47C1-845B-BBA1CCC0DFF9}.Release|Any CPU.Build.0 = Release|x64
		{6718AF68-C302-47C1-845B-BBA1CCC0DFF9}.Release|ARM64.ActiveCfg = Release|x64
		{6718AF68-C302-47C1-845B-BBA1CCC0DFF9}.Release|ARM64.Build.0 = Release|x64
		{6718AF68-C302-47C1-845B-BBA1CCC0DFF9}.Release|Win32.ActiveCfg = Release|Win32
		{6718AF68-C302-47C1-845B-BBA1CCC0DFF9}.Release|Win32.Build.0 = Release|Win32
		{6718AF68-C302-47C1-845B-BBA1CCC0DFF9}.Release|x64.ActiveCfg = Release|x64
		{6718AF68-C302-47C1-845B-BBA1CCC0DFF9}.Release|x64.Build.0 = Release|x64
		{6718AF68-C302-47C1-845B-BBA1CCC0DFF9}.Release|x86.ActiveCfg = Release|Win32
		{6718AF68-C302-47C1-845B-BBA1CCC0DFF9}.Release|x86.Build.0 = Release|Win32
		{0FBBBEAF-0068-4288-A938-B17139757535}.Debug|Any CPU.ActiveCfg = Debug|x64
		{0FBBBEAF-0068-4288-A938-B17139757535}.Debug|Any CPU.Build.0 = Debug|x64
		{0FBBBEAF-0068-4288-A938-B17139757535}.Debug|ARM64.ActiveCfg = Debug|x64
		{0FBBBEAF-0068-4288-A938-B17139757535}.Debug|ARM64.Build.0 = Debug|x64
		{0FBBBEAF-0068-4288-A938-B17139757535}.Debug|Win32.ActiveCfg = Debug|Win32
		{0FBBBEAF-0068-4288-A938-B17139757535}.Debug|Win32.Build.0 = Debug|Win32
		{0FBBBEAF-0068-4288-A938-B17139757535}.Debug|x64.ActiveCfg = Debug|x64
		{0FBBBEAF-0068-4288-A938-B17139757535}.Debug|x64.Build.0 = Debug|x64
		{0FBBBEAF-0068-4288-A938-B17139757535}.Debug|x86.ActiveCfg = Debug|Win32
		{0FBBBEAF-0068-4288-A938-B17139757535}.Debug|x86.Build.0 = Debug|Win32
		{0FBBBEAF-0068-4288-A938-B17139757535}.Release|Any CPU.ActiveCfg = Release|x64
		{0FBBBEAF-0068-4288-A938-B17139757535}.Release|Any CPU.Build.0 = Release|x64
		{0FBBBEAF-0068-4288-A938-B17139757535}.Release|ARM64.ActiveCfg = Release|x64
		{0FBBBEAF-0068-4288-A938-B17139757535}.Release|ARM64.Build.0 = Release|x64
		{0FBBBEAF-0068-4288-A938-B17139757535}.Release|Win32.ActiveCfg = Release|Win32
		{0FBBBEAF-0068-4288-A938-B17139757535}.Release|Win32.Build.0 = Release|Win32
		{0FBBBEAF-0068-4288-A938-B17139757535}.Release|x64.ActiveCfg = Release|x64
		{0FBBBEAF-0068-4288-A938-B17139757535}.Release|x64.Build.0 = Release|x64
		{0FBBBEAF-0068-4288-A938-B17139757535}.Release|x86.ActiveCfg = Release|Win32
		{0FBBBEAF-0068-4288-A938-B17139757535}.Release|x86.Build.0 = Release|Win32
		{10D2825C-4B98-4F27-B4A3-08ECF426F98C}.Debug|Any CPU.ActiveCfg = Debug|Any CPU
		{10D2825C-4B98-4F27-B4A3-08ECF426F98C}.Debug|Any CPU.Build.0 = Debug|Any CPU
		{10D2825C-4B98-4F27-B4A3-08ECF426F98C}.Debug|ARM64.ActiveCfg = Debug|Any CPU
		{10D2825C-4B98-4F27-B4A3-08ECF426F98C}.Debug|ARM64.Build.0 = Debug|Any CPU
		{10D2825C-4B98-4F27-B4A3-08ECF426F98C}.Debug|Win32.ActiveCfg = Debug|Any CPU
		{10D2825C-4B98-4F27-B4A3-08ECF426F98C}.Debug|Win32.Build.0 = Debug|Any CPU
		{10D2825C-4B98-4F27-B4A3-08ECF426F98C}.Debug|x64.ActiveCfg = Debug|Any CPU
		{10D2825C-4B98-4F27-B4A3-08ECF426F98C}.Debug|x64.Build.0 = Debug|Any CPU
		{10D2825C-4B98-4F27-B4A3-08ECF426F98C}.Debug|x86.ActiveCfg = Debug|Any CPU
		{10D2825C-4B98-4F27-B4A3-08ECF426F98C}.Debug|x86.Build.0 = Debug|Any CPU
		{10D2825C-4B98-4F27-B4A3-08ECF426F98C}.Release|Any CPU.ActiveCfg = Release|Any CPU
		{10D2825C-4B98-4F27-B4A3-08ECF426F98C}.Release|Any CPU.Build.0 = Release|Any CPU
		{10D2825C-4B98-4F27-B4A3-08ECF426F98C}.Release|ARM64.ActiveCfg = Release|Any CPU
		{10D2825C-4B98-4F27-B4A3-08ECF426F98C}.Release|ARM64.Build.0 = Release|Any CPU
		{10D2825C-4B98-4F27-B4A3-08ECF426F98C}.Release|Win32.ActiveCfg = Release|Any CPU
		{10D2825C-4B98-4F27-B4A3-08ECF426F98C}.Release|Win32.Build.0 = Release|Any CPU
		{10D2825C-4B98-4F27-B4A3-08ECF426F98C}.Release|x64.ActiveCfg = Release|Any CPU
		{10D2825C-4B98-4F27-B4A3-08ECF426F98C}.Release|x64.Build.0 = Release|Any CPU
		{10D2825C-4B98-4F27-B4A3-08ECF426F98C}.Release|x86.ActiveCfg = Release|Any CPU
		{10D2825C-4B98-4F27-B4A3-08ECF426F98C}.Release|x86.Build.0 = Release|Any CPU
	EndGlobalSection
	GlobalSection(SolutionProperties) = preSolution
		HideSolutionNode = FALSE
	EndGlobalSection
	GlobalSection(ExtensibilityGlobals) = postSolution
		SolutionGuid = {9D0674AE-6154-4B48-A1BF-C35644417141}
	EndGlobalSection
EndGlobal
