<?xml version="1.0" encoding="utf-8"?>
<Project ToolsVersion="4.0" xmlns="http://schemas.microsoft.com/developer/msbuild/2003">
  <ItemGroup>
    <Filter Include="Source Files">
      <UniqueIdentifier>{4FC737F1-C7A5-4376-A066-2A32D752A2FF}</UniqueIdentifier>
      <Extensions>cpp;c;cc;cxx;c++;cppm;ixx;def;odl;idl;hpj;bat;asm;asmx</Extensions>
    </Filter>
    <Filter Include="Header Files">
      <UniqueIdentifier>{93995380-89BD-4b04-88EB-625FBE52EBFB}</UniqueIdentifier>
      <Extensions>h;hh;hpp;hxx;h++;hm;inl;inc;ipp;xsd</Extensions>
    </Filter>
    <Filter Include="Resource Files">
      <UniqueIdentifier>{67DA6AB6-F800-4c08-8B7A-83BB121AAD01}</UniqueIdentifier>
      <Extensions>rc;ico;cur;bmp;dlg;rc2;rct;bin;rgs;gif;jpg;jpeg;jpe;resx;tiff;tif;png;wav;mfcribbon-ms</Extensions>
    </Filter>
    <Filter Include="Header Files\ImGui">
      <UniqueIdentifier>{d323c690-9f6f-44cc-b3e2-f3da81aca96f}</UniqueIdentifier>
    </Filter>
    <Filter Include="Source Files\ImGui">
      <UniqueIdentifier>{0b3a7136-56ca-4cd5-9e1e-ed0b125b312f}</UniqueIdentifier>
    </Filter>
    <Filter Include="Header Files\ChiliTomatoNoodle">
      <UniqueIdentifier>{aa58196b-cdd1-4d41-80b4-3f903a786b16}</UniqueIdentifier>
    </Filter>
    <Filter Include="Source Files\ChiliTomatoNoodle">
      <UniqueIdentifier>{eb5b335d-69c6-4e7f-847b-d4a468ff1939}</UniqueIdentifier>
    </Filter>
    <Filter Include="Header Files\Texture">
      <UniqueIdentifier>{3eeb5661-099e-4314-aea5-191ef864776f}</UniqueIdentifier>
    </Filter>
    <Filter Include="Source Files\Texture">
      <UniqueIdentifier>{02910292-1169-47ac-8ac8-5addd0cb0b3f}</UniqueIdentifier>
    </Filter>
    <Filter Include="Header Files\Logger">
      <UniqueIdentifier>{2a96f39a-c839-497c-b045-3f1c20372c31}</UniqueIdentifier>
    </Filter>
    <Filter Include="Source Files\Logger">
      <UniqueIdentifier>{8b1b5df1-971f-4ed7-adcb-bf8f89490aa7}</UniqueIdentifier>
    </Filter>
    <Filter Include="Shaders">
      <UniqueIdentifier>{8fad3a8f-7e09-4cf8-a99e-33abf0f79786}</UniqueIdentifier>
    </Filter>
  </ItemGroup>
  <ItemGroup>
    <ClCompile Include="ShaderCompiler.cpp">
      <Filter>Source Files</Filter>
    </ClCompile>
    <ClCompile Include="RenderPass.cpp">
      <Filter>Source Files</Filter>
    </ClCompile>
    <ClCompile Include="HLSLShaderCompiler.cpp">
      <Filter>Source Files</Filter>
    </ClCompile>
    <ClCompile Include="InterfaceRenderPass.cpp">
      <Filter>Source Files</Filter>
    </ClCompile>
    <ClCompile Include="..\External\ImGui\imgui_widgets.cpp">
      <Filter>Source Files\ImGui</Filter>
    </ClCompile>
    <ClCompile Include="..\External\ImGui\imgui_tables.cpp">
      <Filter>Source Files\ImGui</Filter>
    </ClCompile>
    <ClCompile Include="..\External\ImGui\imgui_impl_vulkan.cpp">
      <Filter>Source Files\ImGui</Filter>
    </ClCompile>
    <ClCompile Include="..\External\ImGui\imgui_draw.cpp">
      <Filter>Source Files\ImGui</Filter>
    </ClCompile>
    <ClCompile Include="..\External\ImGui\imgui_demo.cpp">
      <Filter>Source Files\ImGui</Filter>
    </ClCompile>
    <ClCompile Include="..\External\ImGui\imgui.cpp">
      <Filter>Source Files\ImGui</Filter>
    </ClCompile>
    <ClCompile Include="..\External\ImGui\imgui_impl_sdlrenderer2.cpp">
      <Filter>Source Files\ImGui</Filter>
    </ClCompile>
    <ClCompile Include="..\External\ImGui\imgui_impl_sdl2.cpp">
      <Filter>Source Files\ImGui</Filter>
    </ClCompile>
    <ClCompile Include="FrameBuffer.cpp">
      <Filter>Source Files</Filter>
    </ClCompile>
    <ClCompile Include="VulkanBuffer.cpp">
      <Filter>Source Files</Filter>
    </ClCompile>
    <ClCompile Include="..\External\ChiliTomatoNoodle\ChiliSingletons.cpp">
      <Filter>Source Files\ChiliTomatoNoodle</Filter>
    </ClCompile>
    <ClCompile Include="..\External\ChiliTomatoNoodle\ChiliContainer.cpp">
      <Filter>Source Files\ChiliTomatoNoodle</Filter>
    </ClCompile>
    <ClCompile Include="FrameBufferRenderPass.cpp">
      <Filter>Source Files</Filter>
    </ClCompile>
    <ClCompile Include="RendereredColorTexture2D.cpp">
      <Filter>Source Files\Texture</Filter>
    </ClCompile>
    <ClCompile Include="Texture.cpp">
      <Filter>Source Files\Texture</Filter>
    </ClCompile>
    <ClCompile Include="LogLevel.cpp">
      <Filter>Source Files\Logger</Filter>
    </ClCompile>
    <ClCompile Include="LogBuilder.cpp">
      <Filter>Source Files\Logger</Filter>
    </ClCompile>
    <ClCompile Include="LogChannel.cpp">
      <Filter>Source Files\Logger</Filter>
    </ClCompile>
    <ClCompile Include="LogDriver.cpp">
      <Filter>Source Files\Logger</Filter>
    </ClCompile>
    <ClCompile Include="LogEntry.cpp">
      <Filter>Source Files\Logger</Filter>
    </ClCompile>
    <ClCompile Include="LoggerLog.cpp">
      <Filter>Source Files\Logger</Filter>
    </ClCompile>
  </ItemGroup>
  <ItemGroup>
    <ClInclude Include="HLSLShaderCompiler.h">
      <Filter>Header Files</Filter>
    </ClInclude>
    <ClInclude Include="RenderPass.h">
      <Filter>Header Files</Filter>
    </ClInclude>
    <ClInclude Include="ShaderCompiler.h">
      <Filter>Header Files</Filter>
    </ClInclude>
    <ClInclude Include="InterfaceRenderPass.h">
      <Filter>Header Files</Filter>
    </ClInclude>
    <ClInclude Include="..\External\ImGui\imconfig.h">
      <Filter>Header Files\ImGui</Filter>
    </ClInclude>
    <ClInclude Include="..\External\ImGui\imgui.h">
      <Filter>Header Files\ImGui</Filter>
    </ClInclude>
    <ClInclude Include="..\External\ImGui\imgui_impl_vulkan.h">
      <Filter>Header Files\ImGui</Filter>
    </ClInclude>
    <ClInclude Include="..\External\ImGui\imgui_internal.h">
      <Filter>Header Files\ImGui</Filter>
    </ClInclude>
    <ClInclude Include="..\External\ImGui\imstb_rectpack.h">
      <Filter>Header Files\ImGui</Filter>
    </ClInclude>
    <ClInclude Include="..\External\ImGui\imstb_textedit.h">
      <Filter>Header Files\ImGui</Filter>
    </ClInclude>
    <ClInclude Include="..\External\ImGui\imstb_truetype.h">
      <Filter>Header Files\ImGui</Filter>
    </ClInclude>
    <ClInclude Include="..\External\ImGui\imgui_impl_sdlrenderer2.h">
      <Filter>Header Files\ImGui</Filter>
    </ClInclude>
    <ClInclude Include="..\External\ImGui\imgui_impl_sdl2.h">
      <Filter>Header Files\ImGui</Filter>
    </ClInclude>
    <ClInclude Include="FrameBuffer.h">
      <Filter>Header Files</Filter>
    </ClInclude>
    <ClInclude Include="VulkanBuffer.h">
      <Filter>Header Files</Filter>
    </ClInclude>
    <ClInclude Include="..\External\ChiliTomatoNoodle\ChiliContainer.h">
      <Filter>Header Files\ChiliTomatoNoodle</Filter>
    </ClInclude>
    <ClInclude Include="..\External\ChiliTomatoNoodle\ChiliSingletons.h">
      <Filter>Header Files\ChiliTomatoNoodle</Filter>
    </ClInclude>
    <ClInclude Include="Texture.h">
      <Filter>Header Files\Texture</Filter>
    </ClInclude>
    <ClInclude Include="RendereredColorTexture2D.h">
      <Filter>Header Files\Texture</Filter>
    </ClInclude>
    <ClInclude Include="LogLevel.h">
      <Filter>Header Files\Logger</Filter>
    </ClInclude>
    <ClInclude Include="LogBuilder.h">
      <Filter>Header Files\Logger</Filter>
    </ClInclude>
    <ClInclude Include="LogChannel.h">
      <Filter>Header Files\Logger</Filter>
    </ClInclude>
    <ClInclude Include="LogDriver.h">
      <Filter>Header Files\Logger</Filter>
    </ClInclude>
    <ClInclude Include="LogEntry.h">
      <Filter>Header Files\Logger</Filter>
    </ClInclude>
    <ClInclude Include="LoggerLog.h">
      <Filter>Header Files\Logger</Filter>
    </ClInclude>
    <ClInclude Include="FrameBufferRenderPass.h">
      <Filter>Header Files</Filter>
    </ClInclude>
  </ItemGroup>
  <ItemGroup>
    <None Include="..\Shaders\FrameBufferShader.frag">
      <Filter>Shaders</Filter>
    </None>
    <None Include="..\Shaders\FrameBufferShader.vert">
      <Filter>Shaders</Filter>
    </None>
  </ItemGroup>
</Project>